<?xml version="1.0" encoding="utf-8"?>
<Project ToolsVersion="4.0" xmlns="http://schemas.microsoft.com/developer/msbuild/2003">
  <ItemGroup>
    <Filter Include="Utilities">
      <UniqueIdentifier>{5f36a63c-87be-44f2-aa4b-1e9a2c49b533}</UniqueIdentifier>
    </Filter>
    <Filter Include="Effects">
      <UniqueIdentifier>{835de5f1-4aa7-4a3d-9c0d-1910c20b2538}</UniqueIdentifier>
    </Filter>
    <Filter Include="Effects\Quantization">
      <UniqueIdentifier>{0f9bbc2f-4fe0-4434-9e47-9646475459fc}</UniqueIdentifier>
    </Filter>
    <Filter Include="Effects\PitchShift">
      <UniqueIdentifier>{5fd2b33a-faa6-4785-bd81-b01ececed2e6}</UniqueIdentifier>
    </Filter>
    <Filter Include="Precompiled">
      <UniqueIdentifier>{b701c07e-aab8-463a-ae5b-931c97d51962}</UniqueIdentifier>
    </Filter>
  </ItemGroup>
  <ItemGroup>
    <ClInclude Include="SoundSynthesisInterface.h" />
    <ClInclude Include="Quantization.h">
      <Filter>Effects\Quantization</Filter>
    </ClInclude>
    <ClInclude Include="Helpers.h">
      <Filter>Utilities</Filter>
    </ClInclude>
    <ClInclude Include="IEffect.h">
      <Filter>Effects</Filter>
    </ClInclude>
    <ClInclude Include="PitchShift.h">
      <Filter>Effects\PitchShift</Filter>
    </ClInclude>
    <ClInclude Include="WavFile.h">
      <Filter>Utilities</Filter>
    </ClInclude>
    <ClInclude Include="stdafx.h">
      <Filter>Precompiled</Filter>
    </ClInclude>
  </ItemGroup>
  <ItemGroup>
    <ClCompile Include="SoundSynthesisInterface.cpp" />
    <ClCompile Include="Quantization.cpp">
      <Filter>Effects\Quantization</Filter>
    </ClCompile>
    <ClCompile Include="Helpers.cpp">
      <Filter>Utilities</Filter>
    </ClCompile>
    <ClCompile Include="PitchShift.cpp">
      <Filter>Effects\PitchShift</Filter>
    </ClCompile>
    <ClCompile Include="WavFile.cpp">
      <Filter>Utilities</Filter>
    </ClCompile>
    <ClCompile Include="stdafx.cpp">
      <Filter>Precompiled</Filter>
    </ClCompile>
  </ItemGroup>
</Project>