<?xml version="1.0" encoding="utf-8"?>
<Project ToolsVersion="4.0" xmlns="http://schemas.microsoft.com/developer/msbuild/2003">
  <ItemGroup>
    <Filter Include="Utilities">
      <UniqueIdentifier>{5f36a63c-87be-44f2-aa4b-1e9a2c49b533}</UniqueIdentifier>
    </Filter>
    <Filter Include="Effects">
      <UniqueIdentifier>{835de5f1-4aa7-4a3d-9c0d-1910c20b2538}</UniqueIdentifier>
    </Filter>
    <Filter Include="Effects\Quantization">
      <UniqueIdentifier>{0f9bbc2f-4fe0-4434-9e47-9646475459fc}</UniqueIdentifier>
    </Filter>
    <Filter Include="Effects\PitchShift">
      <UniqueIdentifier>{5fd2b33a-faa6-4785-bd81-b01ececed2e6}</UniqueIdentifier>
    </Filter>
    <Filter Include="Precompiled">
      <UniqueIdentifier>{b701c07e-aab8-463a-ae5b-931c97d51962}</UniqueIdentifier>
    </Filter>
    <Filter Include="Engine">
      <UniqueIdentifier>{4c54f47a-29cf-4e07-b38e-c923fc74fe89}</UniqueIdentifier>
    </Filter>
    <Filter Include="Engine\Rendering">
      <UniqueIdentifier>{63465a14-9490-4d1f-b142-93d09ba71807}</UniqueIdentifier>
    </Filter>
    <Filter Include="Engine\Audio">
      <UniqueIdentifier>{fc3b5c1e-6d75-4ec4-a1d9-1cb3bf6f5c28}</UniqueIdentifier>
    </Filter>
    <Filter Include="Engine\Audio\Voices">
      <UniqueIdentifier>{3147ceec-807c-4a99-b410-a8969b105b4c}</UniqueIdentifier>
    </Filter>
    <Filter Include="Engine\Audio\Sources">
      <UniqueIdentifier>{3cb2fd02-86c0-4296-9bb1-abcba5c13630}</UniqueIdentifier>
    </Filter>
  </ItemGroup>
  <ItemGroup>
    <ClInclude Include="SoundSynthesisInterface.h" />
    <ClInclude Include="Quantization.h">
      <Filter>Effects\Quantization</Filter>
    </ClInclude>
    <ClInclude Include="Helpers.h">
      <Filter>Utilities</Filter>
    </ClInclude>
    <ClInclude Include="IEffect.h">
      <Filter>Effects</Filter>
    </ClInclude>
    <ClInclude Include="PitchShift.h">
      <Filter>Effects\PitchShift</Filter>
    </ClInclude>
    <ClInclude Include="stdafx.h">
      <Filter>Precompiled</Filter>
    </ClInclude>
    <ClInclude Include="RenderContext.h">
      <Filter>Engine\Rendering</Filter>
    </ClInclude>
    <ClInclude Include="Engine.h">
      <Filter>Engine</Filter>
    </ClInclude>
    <ClInclude Include="SoundSystem.h">
      <Filter>Engine\Audio</Filter>
    </ClInclude>
    <ClInclude Include="AudioSource.h">
      <Filter>Engine\Audio\Voices</Filter>
    </ClInclude>
    <ClInclude Include="AudioEffect.h">
      <Filter>Engine\Audio\Voices</Filter>
    </ClInclude>
    <ClInclude Include="IObject.h">
      <Filter>Engine</Filter>
    </ClInclude>
    <ClInclude Include="WavFile.h">
      <Filter>Engine\Audio\Sources</Filter>
    </ClInclude>
    <ClInclude Include="IAudioObject.h">
      <Filter>Engine\Audio</Filter>
    </ClInclude>
  </ItemGroup>
  <ItemGroup>
    <ClCompile Include="SoundSynthesisInterface.cpp" />
    <ClCompile Include="Quantization.cpp">
      <Filter>Effects\Quantization</Filter>
    </ClCompile>
    <ClCompile Include="Helpers.cpp">
      <Filter>Utilities</Filter>
    </ClCompile>
    <ClCompile Include="PitchShift.cpp">
      <Filter>Effects\PitchShift</Filter>
    </ClCompile>
    <ClCompile Include="stdafx.cpp">
      <Filter>Precompiled</Filter>
    </ClCompile>
    <ClCompile Include="RenderContext.cpp">
      <Filter>Engine\Rendering</Filter>
    </ClCompile>
    <ClCompile Include="Engine.cpp">
      <Filter>Engine</Filter>
    </ClCompile>
    <ClCompile Include="SoundSystem.cpp">
      <Filter>Engine\Audio</Filter>
    </ClCompile>
    <ClCompile Include="AudioSource.cpp">
      <Filter>Engine\Audio\Voices</Filter>
    </ClCompile>
    <ClCompile Include="AudioEffect.cpp">
      <Filter>Engine\Audio\Voices</Filter>
    </ClCompile>
    <ClCompile Include="IObject.cpp">
      <Filter>Engine</Filter>
    </ClCompile>
    <ClCompile Include="WavFile.cpp">
      <Filter>Engine\Audio\Sources</Filter>
    </ClCompile>
    <ClCompile Include="IAudioObject.cpp">
      <Filter>Engine\Audio</Filter>
    </ClCompile>
  </ItemGroup>
</Project>